
Microsoft Visual Studio Solution File, Format Version 12.00
# Visual Studio Version 16
VisualStudioVersion = 16.0.29806.167
MinimumVisualStudioVersion = 10.0.40219.1
Project("{FAE04EC0-301F-11D3-BF4B-00C04F79EFBC}") = "App", "App\App.csproj", "{4FA91F58-C641-4A91-A6B1-D2F2A3864963}"
EndProject
Global
	GlobalSection(SolutionConfigurationPlatforms) = preSolution
		Debug|Any CPU = Debug|Any CPU
		Release|Any CPU = Release|Any CPU
	EndGlobalSection
	GlobalSection(ProjectConfigurationPlatforms) = postSolution
		{4FA91F58-C641-4A91-A6B1-D2F2A3864963}.Debug|Any CPU.ActiveCfg = Debug|Any CPU
		{4FA91F58-C641-4A91-A6B1-D2F2A3864963}.Debug|Any CPU.Build.0 = Debug|Any CPU
		{4FA91F58-C641-4A91-A6B1-D2F2A3864963}.Release|Any CPU.ActiveCfg = Release|Any CPU
		{4FA91F58-C641-4A91-A6B1-D2F2A3864963}.Release|Any CPU.Build.0 = Release|Any CPU
	EndGlobalSection
	GlobalSection(SolutionProperties) = preSolution
		HideSolutionNode = FALSE
	EndGlobalSection
	GlobalSection(ExtensibilityGlobals) = postSolution
		SolutionGuid = {E3AD2007-0A4B-44CB-9E61-D9993AD0738B}
	EndGlobalSection
EndGlobal
